// !$*UTF8*$!
{
	archiveVersion = 1;
	classes = {
	};
	objectVersion = 51;
	objects = {

/* Begin PBXBuildFile section */
		12B9BDB115327E4F11873272 /* Pods_DDYZD_V2.framework in Frameworks */ = {isa = PBXBuildFile; fileRef = 8869DDC5BC0228ACFDBDB078 /* Pods_DDYZD_V2.framework */; };
		9200D04C25B7411100461843 /* ViewModelProtocol.swift in Sources */ = {isa = PBXBuildFile; fileRef = 9200D04B25B7411100461843 /* ViewModelProtocol.swift */; };
		9200D0B425B74DAA00461843 /* LoginViewModel.swift in Sources */ = {isa = PBXBuildFile; fileRef = 9200D0B325B74DAA00461843 /* LoginViewModel.swift */; };
		9200D0B925B751E700461843 /* Token.swift in Sources */ = {isa = PBXBuildFile; fileRef = 9200D0B825B751E700461843 /* Token.swift */; };
		9200D12025B88DCF00461843 /* Club.storyboard in Resources */ = {isa = PBXBuildFile; fileRef = 9200D11F25B88DCF00461843 /* Club.storyboard */; };
		9200D12325B88E7000461843 /* ClubModel.swift in Sources */ = {isa = PBXBuildFile; fileRef = 9200D12225B88E7000461843 /* ClubModel.swift */; };
		9200D12825B88EF200461843 /* ClubListViewController.swift in Sources */ = {isa = PBXBuildFile; fileRef = 9200D12725B88EF200461843 /* ClubListViewController.swift */; };
		9200D12C25B88F1A00461843 /* ClubListTableViewModel.swift in Sources */ = {isa = PBXBuildFile; fileRef = 9200D12B25B88F1A00461843 /* ClubListTableViewModel.swift */; };
		9200D13225B8903300461843 /* ClubAPI.swift in Sources */ = {isa = PBXBuildFile; fileRef = 9200D13125B8903300461843 /* ClubAPI.swift */; };
		9200D15D25B996C600461843 /* ClubListTableViewController.swift in Sources */ = {isa = PBXBuildFile; fileRef = 9200D15C25B996C600461843 /* ClubListTableViewController.swift */; };
		9200D19C25B99D0000461843 /* Extension.swift in Sources */ = {isa = PBXBuildFile; fileRef = 9200D19B25B99D0000461843 /* Extension.swift */; };
		9200D38C25BBD6AD00461843 /* ClubListTableViewCell.swift in Sources */ = {isa = PBXBuildFile; fileRef = 9200D38B25BBD6AD00461843 /* ClubListTableViewCell.swift */; };
		9200D39025BBE2C400461843 /* ClubListTableViewCell.xib in Resources */ = {isa = PBXBuildFile; fileRef = 9200D38F25BBE2C400461843 /* ClubListTableViewCell.xib */; };
		9227C2E125C5D74900E6DF41 /* MainPageViewModel.swift in Sources */ = {isa = PBXBuildFile; fileRef = 9227C2E025C5D74900E6DF41 /* MainPageViewModel.swift */; };
		9227C34825C6FE7900E6DF41 /* SocketIOManager.swift in Sources */ = {isa = PBXBuildFile; fileRef = 9227C34725C6FE7900E6DF41 /* SocketIOManager.swift */; };
		925C9EAB25B08BE7005A3694 /* AppDelegate.swift in Sources */ = {isa = PBXBuildFile; fileRef = 925C9EAA25B08BE7005A3694 /* AppDelegate.swift */; };
		925C9EB225B08BE7005A3694 /* Main.storyboard in Resources */ = {isa = PBXBuildFile; fileRef = 925C9EB025B08BE7005A3694 /* Main.storyboard */; };
		925C9EB425B08BE9005A3694 /* Assets.xcassets in Resources */ = {isa = PBXBuildFile; fileRef = 925C9EB325B08BE9005A3694 /* Assets.xcassets */; };
		925C9EB725B08BE9005A3694 /* LaunchScreen.storyboard in Resources */ = {isa = PBXBuildFile; fileRef = 925C9EB525B08BE9005A3694 /* LaunchScreen.storyboard */; };
		9263695C25B6824200D2D107 /* Auth.storyboard in Resources */ = {isa = PBXBuildFile; fileRef = 9263695B25B6824200D2D107 /* Auth.storyboard */; };
		9263696025B684ED00D2D107 /* LoginViewController.swift in Sources */ = {isa = PBXBuildFile; fileRef = 9263695F25B684ED00D2D107 /* LoginViewController.swift */; };
		9263697825B7335C00D2D107 /* AuthAPI.swift in Sources */ = {isa = PBXBuildFile; fileRef = 9263697725B7335C00D2D107 /* AuthAPI.swift */; };
		926E86E725B4404F00E7F213 /* HTTPClient.swift in Sources */ = {isa = PBXBuildFile; fileRef = 926E86E625B4404F00E7F213 /* HTTPClient.swift */; };
		92B9AE9B25BF03C900026892 /* ChatListViewController.swift in Sources */ = {isa = PBXBuildFile; fileRef = 92B9AE9A25BF03C900026892 /* ChatListViewController.swift */; };
		92BED6D225BD46C900526C33 /* Chat.storyboard in Resources */ = {isa = PBXBuildFile; fileRef = 92BED6D125BD46C900526C33 /* Chat.storyboard */; };
		92BED6D525BD46E400526C33 /* ChatListTableViewCell.storyboard in Resources */ = {isa = PBXBuildFile; fileRef = 92BED6D425BD46E400526C33 /* ChatListTableViewCell.storyboard */; };
		92BED6DA25BD473100526C33 /* ChatAPI.swift in Sources */ = {isa = PBXBuildFile; fileRef = 92BED6D925BD473100526C33 /* ChatAPI.swift */; };
		92BED6E525BD4B1C00526C33 /* ChatListTableViewCell.swift in Sources */ = {isa = PBXBuildFile; fileRef = 92BED6E425BD4B1C00526C33 /* ChatListTableViewCell.swift */; };
		92BED6E825BD4BA600526C33 /* ChatModel.swift in Sources */ = {isa = PBXBuildFile; fileRef = 92BED6E725BD4BA600526C33 /* ChatModel.swift */; };
		92BED6EB25BD534B00526C33 /* ClubDetailViewController.swift in Sources */ = {isa = PBXBuildFile; fileRef = 92BED6EA25BD534B00526C33 /* ClubDetailViewController.swift */; };
		92BED6EE25BD536200526C33 /* ClubDetailViewModel.swift in Sources */ = {isa = PBXBuildFile; fileRef = 92BED6ED25BD536200526C33 /* ClubDetailViewModel.swift */; };
		92C35F4225B5BD0700D30DDF /* DDYZDAPI.swift in Sources */ = {isa = PBXBuildFile; fileRef = 92C35F4125B5BD0600D30DDF /* DDYZDAPI.swift */; };
		92D1759D25BD696B00E6F2D6 /* MainPageViewController.swift in Sources */ = {isa = PBXBuildFile; fileRef = 92D1759C25BD696B00E6F2D6 /* MainPageViewController.swift */; };
		92D97F1A25CEECAB008456C8 /* Feed.xib in Resources */ = {isa = PBXBuildFile; fileRef = 92D97F1925CEECAB008456C8 /* Feed.xib */; };
		92D97F2525CEEE98008456C8 /* FeedAPI.swift in Sources */ = {isa = PBXBuildFile; fileRef = 92D97F2425CEEE98008456C8 /* FeedAPI.swift */; };
		92D97F2825CEF1C0008456C8 /* FeedModel.swift in Sources */ = {isa = PBXBuildFile; fileRef = 92D97F2725CEF1C0008456C8 /* FeedModel.swift */; };
		92D97F5125CFF509008456C8 /* FeedTableViewCell.swift in Sources */ = {isa = PBXBuildFile; fileRef = 92D97F5025CFF509008456C8 /* FeedTableViewCell.swift */; };
		92D97F5425CFF527008456C8 /* FeedWithMediaTableViewCell.swift in Sources */ = {isa = PBXBuildFile; fileRef = 92D97F5325CFF527008456C8 /* FeedWithMediaTableViewCell.swift */; };
		92D97F9325D06D4A008456C8 /* FeedWithMedia.xib in Resources */ = {isa = PBXBuildFile; fileRef = 92D97F9225D06D4A008456C8 /* FeedWithMedia.xib */; };
		92FBA6A025B537320014FB8B /* GoogleService-Info.plist in Resources */ = {isa = PBXBuildFile; fileRef = 92FBA69F25B537320014FB8B /* GoogleService-Info.plist */; };
/* End PBXBuildFile section */

/* Begin PBXFileReference section */
		0C060B2074DD201E17A54FE5 /* Pods-DDYZD_V2.debug.xcconfig */ = {isa = PBXFileReference; includeInIndex = 1; lastKnownFileType = text.xcconfig; name = "Pods-DDYZD_V2.debug.xcconfig"; path = "Target Support Files/Pods-DDYZD_V2/Pods-DDYZD_V2.debug.xcconfig"; sourceTree = "<group>"; };
		39D66F64AB6C141A5DDAA1D6 /* Pods-DDYZD_V2.release.xcconfig */ = {isa = PBXFileReference; includeInIndex = 1; lastKnownFileType = text.xcconfig; name = "Pods-DDYZD_V2.release.xcconfig"; path = "Target Support Files/Pods-DDYZD_V2/Pods-DDYZD_V2.release.xcconfig"; sourceTree = "<group>"; };
		8869DDC5BC0228ACFDBDB078 /* Pods_DDYZD_V2.framework */ = {isa = PBXFileReference; explicitFileType = wrapper.framework; includeInIndex = 0; path = Pods_DDYZD_V2.framework; sourceTree = BUILT_PRODUCTS_DIR; };
		9200D04B25B7411100461843 /* ViewModelProtocol.swift */ = {isa = PBXFileReference; fileEncoding = 4; lastKnownFileType = sourcecode.swift; path = ViewModelProtocol.swift; sourceTree = "<group>"; };
		9200D0B325B74DAA00461843 /* LoginViewModel.swift */ = {isa = PBXFileReference; lastKnownFileType = sourcecode.swift; path = LoginViewModel.swift; sourceTree = "<group>"; };
		9200D0B825B751E700461843 /* Token.swift */ = {isa = PBXFileReference; lastKnownFileType = sourcecode.swift; path = Token.swift; sourceTree = "<group>"; };
		9200D11F25B88DCF00461843 /* Club.storyboard */ = {isa = PBXFileReference; lastKnownFileType = file.storyboard; path = Club.storyboard; sourceTree = "<group>"; };
		9200D12225B88E7000461843 /* ClubModel.swift */ = {isa = PBXFileReference; lastKnownFileType = sourcecode.swift; path = ClubModel.swift; sourceTree = "<group>"; };
		9200D12725B88EF200461843 /* ClubListViewController.swift */ = {isa = PBXFileReference; lastKnownFileType = sourcecode.swift; path = ClubListViewController.swift; sourceTree = "<group>"; };
		9200D12B25B88F1A00461843 /* ClubListTableViewModel.swift */ = {isa = PBXFileReference; lastKnownFileType = sourcecode.swift; path = ClubListTableViewModel.swift; sourceTree = "<group>"; };
		9200D13125B8903300461843 /* ClubAPI.swift */ = {isa = PBXFileReference; lastKnownFileType = sourcecode.swift; path = ClubAPI.swift; sourceTree = "<group>"; };
		9200D15C25B996C600461843 /* ClubListTableViewController.swift */ = {isa = PBXFileReference; lastKnownFileType = sourcecode.swift; path = ClubListTableViewController.swift; sourceTree = "<group>"; };
		9200D19B25B99D0000461843 /* Extension.swift */ = {isa = PBXFileReference; lastKnownFileType = sourcecode.swift; path = Extension.swift; sourceTree = "<group>"; };
		9200D38B25BBD6AD00461843 /* ClubListTableViewCell.swift */ = {isa = PBXFileReference; lastKnownFileType = sourcecode.swift; path = ClubListTableViewCell.swift; sourceTree = "<group>"; };
		9200D38F25BBE2C400461843 /* ClubListTableViewCell.xib */ = {isa = PBXFileReference; lastKnownFileType = file.xib; path = ClubListTableViewCell.xib; sourceTree = "<group>"; };
		9227C2E025C5D74900E6DF41 /* MainPageViewModel.swift */ = {isa = PBXFileReference; lastKnownFileType = sourcecode.swift; name = MainPageViewModel.swift; path = ../../../../../../../../Documents/MainPageViewModel.swift; sourceTree = "<group>"; };
		9227C34725C6FE7900E6DF41 /* SocketIOManager.swift */ = {isa = PBXFileReference; lastKnownFileType = sourcecode.swift; path = SocketIOManager.swift; sourceTree = "<group>"; };
		925C9EA725B08BE7005A3694 /* DDYZD_V2.app */ = {isa = PBXFileReference; explicitFileType = wrapper.application; includeInIndex = 0; path = DDYZD_V2.app; sourceTree = BUILT_PRODUCTS_DIR; };
		925C9EAA25B08BE7005A3694 /* AppDelegate.swift */ = {isa = PBXFileReference; lastKnownFileType = sourcecode.swift; path = AppDelegate.swift; sourceTree = "<group>"; };
		925C9EB125B08BE7005A3694 /* Base */ = {isa = PBXFileReference; lastKnownFileType = file.storyboard; name = Base; path = Base.lproj/Main.storyboard; sourceTree = "<group>"; };
		925C9EB325B08BE9005A3694 /* Assets.xcassets */ = {isa = PBXFileReference; lastKnownFileType = folder.assetcatalog; path = Assets.xcassets; sourceTree = "<group>"; };
		925C9EB625B08BE9005A3694 /* Base */ = {isa = PBXFileReference; lastKnownFileType = file.storyboard; name = Base; path = Base.lproj/LaunchScreen.storyboard; sourceTree = "<group>"; };
		925C9EB825B08BE9005A3694 /* Info.plist */ = {isa = PBXFileReference; lastKnownFileType = text.plist.xml; path = Info.plist; sourceTree = "<group>"; };
		9263695B25B6824200D2D107 /* Auth.storyboard */ = {isa = PBXFileReference; lastKnownFileType = file.storyboard; path = Auth.storyboard; sourceTree = "<group>"; };
		9263695F25B684ED00D2D107 /* LoginViewController.swift */ = {isa = PBXFileReference; lastKnownFileType = sourcecode.swift; path = LoginViewController.swift; sourceTree = "<group>"; };
		9263696425B6EE0E00D2D107 /* DDYZD_V2.entitlements */ = {isa = PBXFileReference; lastKnownFileType = text.plist.entitlements; name = DDYZD_V2.entitlements; path = "DDYZD_V2/Surpporting Files/DDYZD_V2.entitlements"; sourceTree = SOURCE_ROOT; };
		9263697725B7335C00D2D107 /* AuthAPI.swift */ = {isa = PBXFileReference; lastKnownFileType = sourcecode.swift; path = AuthAPI.swift; sourceTree = "<group>"; };
		926E86E625B4404F00E7F213 /* HTTPClient.swift */ = {isa = PBXFileReference; lastKnownFileType = sourcecode.swift; path = HTTPClient.swift; sourceTree = "<group>"; };
		92B9AE9A25BF03C900026892 /* ChatListViewController.swift */ = {isa = PBXFileReference; lastKnownFileType = sourcecode.swift; path = ChatListViewController.swift; sourceTree = "<group>"; };
		92BED6D125BD46C900526C33 /* Chat.storyboard */ = {isa = PBXFileReference; lastKnownFileType = file.storyboard; path = Chat.storyboard; sourceTree = "<group>"; };
		92BED6D425BD46E400526C33 /* ChatListTableViewCell.storyboard */ = {isa = PBXFileReference; lastKnownFileType = file.storyboard; path = "\U0010ChatListTableViewCell.storyboard"; sourceTree = "<group>"; };
		92BED6D925BD473100526C33 /* ChatAPI.swift */ = {isa = PBXFileReference; lastKnownFileType = sourcecode.swift; path = ChatAPI.swift; sourceTree = "<group>"; };
		92BED6E425BD4B1C00526C33 /* ChatListTableViewCell.swift */ = {isa = PBXFileReference; lastKnownFileType = sourcecode.swift; path = ChatListTableViewCell.swift; sourceTree = "<group>"; };
		92BED6E725BD4BA600526C33 /* ChatModel.swift */ = {isa = PBXFileReference; lastKnownFileType = sourcecode.swift; path = ChatModel.swift; sourceTree = "<group>"; };
		92BED6EA25BD534B00526C33 /* ClubDetailViewController.swift */ = {isa = PBXFileReference; lastKnownFileType = sourcecode.swift; path = ClubDetailViewController.swift; sourceTree = "<group>"; };
		92BED6ED25BD536200526C33 /* ClubDetailViewModel.swift */ = {isa = PBXFileReference; lastKnownFileType = sourcecode.swift; path = ClubDetailViewModel.swift; sourceTree = "<group>"; };
		92C35F4125B5BD0600D30DDF /* DDYZDAPI.swift */ = {isa = PBXFileReference; fileEncoding = 4; lastKnownFileType = sourcecode.swift; path = DDYZDAPI.swift; sourceTree = "<group>"; };
		92D1759C25BD696B00E6F2D6 /* MainPageViewController.swift */ = {isa = PBXFileReference; lastKnownFileType = sourcecode.swift; path = MainPageViewController.swift; sourceTree = "<group>"; };
		92D97F1925CEECAB008456C8 /* Feed.xib */ = {isa = PBXFileReference; lastKnownFileType = file.xib; path = Feed.xib; sourceTree = "<group>"; };
		92D97F2425CEEE98008456C8 /* FeedAPI.swift */ = {isa = PBXFileReference; lastKnownFileType = sourcecode.swift; path = FeedAPI.swift; sourceTree = "<group>"; };
		92D97F2725CEF1C0008456C8 /* FeedModel.swift */ = {isa = PBXFileReference; lastKnownFileType = sourcecode.swift; path = FeedModel.swift; sourceTree = "<group>"; };
		92D97F5025CFF509008456C8 /* FeedTableViewCell.swift */ = {isa = PBXFileReference; lastKnownFileType = sourcecode.swift; path = FeedTableViewCell.swift; sourceTree = "<group>"; };
		92D97F5325CFF527008456C8 /* FeedWithMediaTableViewCell.swift */ = {isa = PBXFileReference; lastKnownFileType = sourcecode.swift; path = FeedWithMediaTableViewCell.swift; sourceTree = "<group>"; };
		92D97F9225D06D4A008456C8 /* FeedWithMedia.xib */ = {isa = PBXFileReference; lastKnownFileType = file.xib; path = FeedWithMedia.xib; sourceTree = "<group>"; };
		92FBA69F25B537320014FB8B /* GoogleService-Info.plist */ = {isa = PBXFileReference; fileEncoding = 4; lastKnownFileType = text.plist.xml; path = "GoogleService-Info.plist"; sourceTree = "<group>"; };
/* End PBXFileReference section */

/* Begin PBXFrameworksBuildPhase section */
		925C9EA425B08BE7005A3694 /* Frameworks */ = {
			isa = PBXFrameworksBuildPhase;
			buildActionMask = 2147483647;
			files = (
				12B9BDB115327E4F11873272 /* Pods_DDYZD_V2.framework in Frameworks */,
			);
			runOnlyForDeploymentPostprocessing = 0;
		};
/* End PBXFrameworksBuildPhase section */

/* Begin PBXGroup section */
		539CF63AB70C5BA53047CAA5 /* Frameworks */ = {
			isa = PBXGroup;
			children = (
				8869DDC5BC0228ACFDBDB078 /* Pods_DDYZD_V2.framework */,
			);
			name = Frameworks;
			sourceTree = "<group>";
		};
		8FE9FA11C3FFB31C7920D6A7 /* Pods */ = {
			isa = PBXGroup;
			children = (
				0C060B2074DD201E17A54FE5 /* Pods-DDYZD_V2.debug.xcconfig */,
				39D66F64AB6C141A5DDAA1D6 /* Pods-DDYZD_V2.release.xcconfig */,
			);
			path = Pods;
			sourceTree = "<group>";
		};
		9200D04925B7411100461843 /* ViewModel */ = {
			isa = PBXGroup;
			children = (
				9227C2DF25C5D71900E6DF41 /* Main */,
				9200D04A25B7411100461843 /* Auth */,
				9200D12625B88ED500461843 /* Club */,
				92BED6D825BD471B00526C33 /* Chat */,
				9200D04B25B7411100461843 /* ViewModelProtocol.swift */,
			);
			path = ViewModel;
			sourceTree = "<group>";
		};
		9200D04A25B7411100461843 /* Auth */ = {
			isa = PBXGroup;
			children = (
				9200D0B325B74DAA00461843 /* LoginViewModel.swift */,
			);
			path = Auth;
			sourceTree = "<group>";
		};
		9200D0DC25B8822200461843 /* Util */ = {
			isa = PBXGroup;
			children = (
				9200D19B25B99D0000461843 /* Extension.swift */,
			);
			path = Util;
			sourceTree = "<group>";
		};
		9200D12525B88EAA00461843 /* Club */ = {
			isa = PBXGroup;
			children = (
				9200D12725B88EF200461843 /* ClubListViewController.swift */,
				9200D15C25B996C600461843 /* ClubListTableViewController.swift */,
				9200D38B25BBD6AD00461843 /* ClubListTableViewCell.swift */,
				92BED6EA25BD534B00526C33 /* ClubDetailViewController.swift */,
			);
			path = Club;
			sourceTree = "<group>";
		};
		9200D12625B88ED500461843 /* Club */ = {
			isa = PBXGroup;
			children = (
				92BED6ED25BD536200526C33 /* ClubDetailViewModel.swift */,
				9200D12B25B88F1A00461843 /* ClubListTableViewModel.swift */,
			);
			path = Club;
			sourceTree = "<group>";
		};
		9200D38A25BBD66200461843 /* TableViewCell */ = {
			isa = PBXGroup;
			children = (
				92D97F1925CEECAB008456C8 /* Feed.xib */,
				92D97F9225D06D4A008456C8 /* FeedWithMedia.xib */,
				9200D38F25BBE2C400461843 /* ClubListTableViewCell.xib */,
				92BED6D425BD46E400526C33 /* ChatListTableViewCell.storyboard */,
			);
			path = TableViewCell;
			sourceTree = "<group>";
		};
		9227C2DF25C5D71900E6DF41 /* Main */ = {
			isa = PBXGroup;
			children = (
				9227C2E025C5D74900E6DF41 /* MainPageViewModel.swift */,
			);
			path = Main;
			sourceTree = "<group>";
		};
		925C9E9E25B08BE7005A3694 = {
			isa = PBXGroup;
			children = (
				925C9EA925B08BE7005A3694 /* DDYZD_V2 */,
				925C9EA825B08BE7005A3694 /* Products */,
				8FE9FA11C3FFB31C7920D6A7 /* Pods */,
				539CF63AB70C5BA53047CAA5 /* Frameworks */,
			);
			sourceTree = "<group>";
		};
		925C9EA825B08BE7005A3694 /* Products */ = {
			isa = PBXGroup;
			children = (
				925C9EA725B08BE7005A3694 /* DDYZD_V2.app */,
			);
			name = Products;
			sourceTree = "<group>";
		};
		925C9EA925B08BE7005A3694 /* DDYZD_V2 */ = {
			isa = PBXGroup;
			children = (
				926E86D725B416E400E7F213 /* Surpporting Files */,
				926E86D825B4184100E7F213 /* Source */,
				926E86D925B4184E00E7F213 /* Resource */,
			);
			path = DDYZD_V2;
			sourceTree = "<group>";
		};
		9263695325B5C0C100D2D107 /* Model */ = {
			isa = PBXGroup;
			children = (
				9200D0B825B751E700461843 /* Token.swift */,
				9200D12225B88E7000461843 /* ClubModel.swift */,
				92BED6E725BD4BA600526C33 /* ChatModel.swift */,
				92D97F2725CEF1C0008456C8 /* FeedModel.swift */,
			);
			name = Model;
			path = DDYZD_V2/Source/Model;
			sourceTree = SOURCE_ROOT;
		};
		9263695E25B684CE00D2D107 /* View */ = {
			isa = PBXGroup;
			children = (
				92D1759B25BD694C00E6F2D6 /* Main */,
				9263697625B7333E00D2D107 /* Auth */,
				9200D12525B88EAA00461843 /* Club */,
				92BED6D725BD46FA00526C33 /* Chat */,
			);
			path = View;
			sourceTree = "<group>";
		};
		9263697525B7333300D2D107 /* API */ = {
			isa = PBXGroup;
			children = (
				9263697725B7335C00D2D107 /* AuthAPI.swift */,
				9200D13125B8903300461843 /* ClubAPI.swift */,
				92BED6D925BD473100526C33 /* ChatAPI.swift */,
				92D97F2425CEEE98008456C8 /* FeedAPI.swift */,
			);
			path = API;
			sourceTree = "<group>";
		};
		9263697625B7333E00D2D107 /* Auth */ = {
			isa = PBXGroup;
			children = (
				9263695F25B684ED00D2D107 /* LoginViewController.swift */,
			);
			path = Auth;
			sourceTree = "<group>";
		};
		926E86D725B416E400E7F213 /* Surpporting Files */ = {
			isa = PBXGroup;
			children = (
				925C9EB825B08BE9005A3694 /* Info.plist */,
				92FBA69F25B537320014FB8B /* GoogleService-Info.plist */,
				9263696425B6EE0E00D2D107 /* DDYZD_V2.entitlements */,
			);
			path = "Surpporting Files";
			sourceTree = "<group>";
		};
		926E86D825B4184100E7F213 /* Source */ = {
			isa = PBXGroup;
			children = (
				926E86DC25B4191800E7F213 /* UI */,
				9200D0DC25B8822200461843 /* Util */,
				9263695325B5C0C100D2D107 /* Model */,
				9263695E25B684CE00D2D107 /* View */,
				9200D04925B7411100461843 /* ViewModel */,
				926E86E025B4195500E7F213 /* Networking */,
			);
			path = Source;
			sourceTree = "<group>";
		};
		926E86D925B4184E00E7F213 /* Resource */ = {
			isa = PBXGroup;
			children = (
				925C9EAA25B08BE7005A3694 /* AppDelegate.swift */,
				925C9EB525B08BE9005A3694 /* LaunchScreen.storyboard */,
				925C9EB325B08BE9005A3694 /* Assets.xcassets */,
			);
			path = Resource;
			sourceTree = "<group>";
		};
		926E86DC25B4191800E7F213 /* UI */ = {
			isa = PBXGroup;
			children = (
				925C9EB025B08BE7005A3694 /* Main.storyboard */,
				9263695B25B6824200D2D107 /* Auth.storyboard */,
				9200D11F25B88DCF00461843 /* Club.storyboard */,
				92BED6D125BD46C900526C33 /* Chat.storyboard */,
				9200D38A25BBD66200461843 /* TableViewCell */,
			);
			path = UI;
			sourceTree = "<group>";
		};
		926E86E025B4195500E7F213 /* Networking */ = {
			isa = PBXGroup;
			children = (
				9263697525B7333300D2D107 /* API */,
				926E86E625B4404F00E7F213 /* HTTPClient.swift */,
				92C35F4125B5BD0600D30DDF /* DDYZDAPI.swift */,
				9227C34725C6FE7900E6DF41 /* SocketIOManager.swift */,
			);
			path = Networking;
			sourceTree = "<group>";
		};
		92BED6D725BD46FA00526C33 /* Chat */ = {
			isa = PBXGroup;
			children = (
				92BED6E425BD4B1C00526C33 /* ChatListTableViewCell.swift */,
				92B9AE9A25BF03C900026892 /* ChatListViewController.swift */,
			);
			path = Chat;
			sourceTree = "<group>";
		};
		92BED6D825BD471B00526C33 /* Chat */ = {
			isa = PBXGroup;
			children = (
			);
			path = Chat;
			sourceTree = "<group>";
		};
		92D1759B25BD694C00E6F2D6 /* Main */ = {
			isa = PBXGroup;
			children = (
				92D1759C25BD696B00E6F2D6 /* MainPageViewController.swift */,
				92D97F1C25CEECFD008456C8 /* FeedCell */,
			);
			path = Main;
			sourceTree = "<group>";
		};
		92D97F1C25CEECFD008456C8 /* FeedCell */ = {
			isa = PBXGroup;
			children = (
				92D97F5025CFF509008456C8 /* FeedTableViewCell.swift */,
				92D97F5325CFF527008456C8 /* FeedWithMediaTableViewCell.swift */,
			);
			path = FeedCell;
			sourceTree = "<group>";
		};
/* End PBXGroup section */

/* Begin PBXNativeTarget section */
		925C9EA625B08BE7005A3694 /* DDYZD_V2 */ = {
			isa = PBXNativeTarget;
			buildConfigurationList = 925C9EBB25B08BE9005A3694 /* Build configuration list for PBXNativeTarget "DDYZD_V2" */;
			buildPhases = (
				AFE9F90BE060837F62679A76 /* [CP] Check Pods Manifest.lock */,
				925C9EA325B08BE7005A3694 /* Sources */,
				925C9EA425B08BE7005A3694 /* Frameworks */,
				925C9EA525B08BE7005A3694 /* Resources */,
				42FC0E197E39196A0AC4ECDB /* [CP] Embed Pods Frameworks */,
			);
			buildRules = (
			);
			dependencies = (
			);
			name = DDYZD_V2;
			productName = DDYZD_V2;
			productReference = 925C9EA725B08BE7005A3694 /* DDYZD_V2.app */;
			productType = "com.apple.product-type.application";
		};
/* End PBXNativeTarget section */

/* Begin PBXProject section */
		925C9E9F25B08BE7005A3694 /* Project object */ = {
			isa = PBXProject;
			attributes = {
				LastSwiftUpdateCheck = 1230;
				LastUpgradeCheck = 1230;
				TargetAttributes = {
					925C9EA625B08BE7005A3694 = {
						CreatedOnToolsVersion = 12.3;
					};
				};
			};
			buildConfigurationList = 925C9EA225B08BE7005A3694 /* Build configuration list for PBXProject "DDYZD_V2" */;
			compatibilityVersion = "Xcode 9.3";
			developmentRegion = en;
			hasScannedForEncodings = 0;
			knownRegions = (
				en,
				Base,
			);
			mainGroup = 925C9E9E25B08BE7005A3694;
			productRefGroup = 925C9EA825B08BE7005A3694 /* Products */;
			projectDirPath = "";
			projectRoot = "";
			targets = (
				925C9EA625B08BE7005A3694 /* DDYZD_V2 */,
			);
		};
/* End PBXProject section */

/* Begin PBXResourcesBuildPhase section */
		925C9EA525B08BE7005A3694 /* Resources */ = {
			isa = PBXResourcesBuildPhase;
			buildActionMask = 2147483647;
			files = (
				92D97F9325D06D4A008456C8 /* FeedWithMedia.xib in Resources */,
				925C9EB725B08BE9005A3694 /* LaunchScreen.storyboard in Resources */,
				92D97F1A25CEECAB008456C8 /* Feed.xib in Resources */,
				92FBA6A025B537320014FB8B /* GoogleService-Info.plist in Resources */,
				92BED6D525BD46E400526C33 /* ChatListTableViewCell.storyboard in Resources */,
				9200D39025BBE2C400461843 /* ClubListTableViewCell.xib in Resources */,
				9200D12025B88DCF00461843 /* Club.storyboard in Resources */,
				925C9EB425B08BE9005A3694 /* Assets.xcassets in Resources */,
				9263695C25B6824200D2D107 /* Auth.storyboard in Resources */,
				92BED6D225BD46C900526C33 /* Chat.storyboard in Resources */,
				925C9EB225B08BE7005A3694 /* Main.storyboard in Resources */,
			);
			runOnlyForDeploymentPostprocessing = 0;
		};
/* End PBXResourcesBuildPhase section */

/* Begin PBXShellScriptBuildPhase section */
		42FC0E197E39196A0AC4ECDB /* [CP] Embed Pods Frameworks */ = {
			isa = PBXShellScriptBuildPhase;
			buildActionMask = 2147483647;
			files = (
			);
			inputFileListPaths = (
				"${PODS_ROOT}/Target Support Files/Pods-DDYZD_V2/Pods-DDYZD_V2-frameworks-${CONFIGURATION}-input-files.xcfilelist",
			);
			name = "[CP] Embed Pods Frameworks";
			outputFileListPaths = (
				"${PODS_ROOT}/Target Support Files/Pods-DDYZD_V2/Pods-DDYZD_V2-frameworks-${CONFIGURATION}-output-files.xcfilelist",
			);
			runOnlyForDeploymentPostprocessing = 0;
			shellPath = /bin/sh;
			shellScript = "\"${PODS_ROOT}/Target Support Files/Pods-DDYZD_V2/Pods-DDYZD_V2-frameworks.sh\"\n";
			showEnvVarsInLog = 0;
		};
		AFE9F90BE060837F62679A76 /* [CP] Check Pods Manifest.lock */ = {
			isa = PBXShellScriptBuildPhase;
			buildActionMask = 2147483647;
			files = (
			);
			inputFileListPaths = (
			);
			inputPaths = (
				"${PODS_PODFILE_DIR_PATH}/Podfile.lock",
				"${PODS_ROOT}/Manifest.lock",
			);
			name = "[CP] Check Pods Manifest.lock";
			outputFileListPaths = (
			);
			outputPaths = (
				"$(DERIVED_FILE_DIR)/Pods-DDYZD_V2-checkManifestLockResult.txt",
			);
			runOnlyForDeploymentPostprocessing = 0;
			shellPath = /bin/sh;
			shellScript = "diff \"${PODS_PODFILE_DIR_PATH}/Podfile.lock\" \"${PODS_ROOT}/Manifest.lock\" > /dev/null\nif [ $? != 0 ] ; then\n    # print error to STDERR\n    echo \"error: The sandbox is not in sync with the Podfile.lock. Run 'pod install' or update your CocoaPods installation.\" >&2\n    exit 1\nfi\n# This output is used by Xcode 'outputs' to avoid re-running this script phase.\necho \"SUCCESS\" > \"${SCRIPT_OUTPUT_FILE_0}\"\n";
			showEnvVarsInLog = 0;
		};
/* End PBXShellScriptBuildPhase section */

/* Begin PBXSourcesBuildPhase section */
		925C9EA325B08BE7005A3694 /* Sources */ = {
			isa = PBXSourcesBuildPhase;
			buildActionMask = 2147483647;
			files = (
				92D97F2525CEEE98008456C8 /* FeedAPI.swift in Sources */,
				92D97F2825CEF1C0008456C8 /* FeedModel.swift in Sources */,
				9200D12325B88E7000461843 /* ClubModel.swift in Sources */,
				92BED6E525BD4B1C00526C33 /* ChatListTableViewCell.swift in Sources */,
				9263696025B684ED00D2D107 /* LoginViewController.swift in Sources */,
				92D97F5125CFF509008456C8 /* FeedTableViewCell.swift in Sources */,
				92BED6EB25BD534B00526C33 /* ClubDetailViewController.swift in Sources */,
				9200D38C25BBD6AD00461843 /* ClubListTableViewCell.swift in Sources */,
				92B9AE9B25BF03C900026892 /* ChatListViewController.swift in Sources */,
				92BED6EE25BD536200526C33 /* ClubDetailViewModel.swift in Sources */,
				9200D13225B8903300461843 /* ClubAPI.swift in Sources */,
				926E86E725B4404F00E7F213 /* HTTPClient.swift in Sources */,
				9200D04C25B7411100461843 /* ViewModelProtocol.swift in Sources */,
				92C35F4225B5BD0700D30DDF /* DDYZDAPI.swift in Sources */,
				9263697825B7335C00D2D107 /* AuthAPI.swift in Sources */,
				9227C2E125C5D74900E6DF41 /* MainPageViewModel.swift in Sources */,
				92D97F5425CFF527008456C8 /* FeedWithMediaTableViewCell.swift in Sources */,
				92BED6DA25BD473100526C33 /* ChatAPI.swift in Sources */,
				9200D19C25B99D0000461843 /* Extension.swift in Sources */,
				925C9EAB25B08BE7005A3694 /* AppDelegate.swift in Sources */,
				92D1759D25BD696B00E6F2D6 /* MainPageViewController.swift in Sources */,
				9200D12825B88EF200461843 /* ClubListViewController.swift in Sources */,
				9200D0B425B74DAA00461843 /* LoginViewModel.swift in Sources */,
				92BED6E825BD4BA600526C33 /* ChatModel.swift in Sources */,
				9200D0B925B751E700461843 /* Token.swift in Sources */,
				9200D12C25B88F1A00461843 /* ClubListTableViewModel.swift in Sources */,
				9200D15D25B996C600461843 /* ClubListTableViewController.swift in Sources */,
				9227C34825C6FE7900E6DF41 /* SocketIOManager.swift in Sources */,
			);
			runOnlyForDeploymentPostprocessing = 0;
		};
/* End PBXSourcesBuildPhase section */

/* Begin PBXVariantGroup section */
		925C9EB025B08BE7005A3694 /* Main.storyboard */ = {
			isa = PBXVariantGroup;
			children = (
				925C9EB125B08BE7005A3694 /* Base */,
			);
			name = Main.storyboard;
			sourceTree = "<group>";
		};
		925C9EB525B08BE9005A3694 /* LaunchScreen.storyboard */ = {
			isa = PBXVariantGroup;
			children = (
				925C9EB625B08BE9005A3694 /* Base */,
			);
			name = LaunchScreen.storyboard;
			sourceTree = "<group>";
		};
/* End PBXVariantGroup section */

/* Begin XCBuildConfiguration section */
		925C9EB925B08BE9005A3694 /* Debug */ = {
			isa = XCBuildConfiguration;
			buildSettings = {
				ALWAYS_SEARCH_USER_PATHS = NO;
				CLANG_ANALYZER_NONNULL = YES;
				CLANG_ANALYZER_NUMBER_OBJECT_CONVERSION = YES_AGGRESSIVE;
				CLANG_CXX_LANGUAGE_STANDARD = "gnu++14";
				CLANG_CXX_LIBRARY = "libc++";
				CLANG_ENABLE_MODULES = YES;
				CLANG_ENABLE_OBJC_ARC = YES;
				CLANG_ENABLE_OBJC_WEAK = YES;
				CLANG_WARN_BLOCK_CAPTURE_AUTORELEASING = YES;
				CLANG_WARN_BOOL_CONVERSION = YES;
				CLANG_WARN_COMMA = YES;
				CLANG_WARN_CONSTANT_CONVERSION = YES;
				CLANG_WARN_DEPRECATED_OBJC_IMPLEMENTATIONS = YES;
				CLANG_WARN_DIRECT_OBJC_ISA_USAGE = YES_ERROR;
				CLANG_WARN_DOCUMENTATION_COMMENTS = YES;
				CLANG_WARN_EMPTY_BODY = YES;
				CLANG_WARN_ENUM_CONVERSION = YES;
				CLANG_WARN_INFINITE_RECURSION = YES;
				CLANG_WARN_INT_CONVERSION = YES;
				CLANG_WARN_NON_LITERAL_NULL_CONVERSION = YES;
				CLANG_WARN_OBJC_IMPLICIT_RETAIN_SELF = YES;
				CLANG_WARN_OBJC_LITERAL_CONVERSION = YES;
				CLANG_WARN_OBJC_ROOT_CLASS = YES_ERROR;
				CLANG_WARN_QUOTED_INCLUDE_IN_FRAMEWORK_HEADER = YES;
				CLANG_WARN_RANGE_LOOP_ANALYSIS = YES;
				CLANG_WARN_STRICT_PROTOTYPES = YES;
				CLANG_WARN_SUSPICIOUS_MOVE = YES;
				CLANG_WARN_UNGUARDED_AVAILABILITY = YES_AGGRESSIVE;
				CLANG_WARN_UNREACHABLE_CODE = YES;
				CLANG_WARN__DUPLICATE_METHOD_MATCH = YES;
				COPY_PHASE_STRIP = NO;
				DEBUG_INFORMATION_FORMAT = dwarf;
				ENABLE_STRICT_OBJC_MSGSEND = YES;
				ENABLE_TESTABILITY = YES;
				GCC_C_LANGUAGE_STANDARD = gnu11;
				GCC_DYNAMIC_NO_PIC = NO;
				GCC_NO_COMMON_BLOCKS = YES;
				GCC_OPTIMIZATION_LEVEL = 0;
				GCC_PREPROCESSOR_DEFINITIONS = (
					"DEBUG=1",
					"$(inherited)",
				);
				GCC_WARN_64_TO_32_BIT_CONVERSION = YES;
				GCC_WARN_ABOUT_RETURN_TYPE = YES_ERROR;
				GCC_WARN_UNDECLARED_SELECTOR = YES;
				GCC_WARN_UNINITIALIZED_AUTOS = YES_AGGRESSIVE;
				GCC_WARN_UNUSED_FUNCTION = YES;
				GCC_WARN_UNUSED_VARIABLE = YES;
				IPHONEOS_DEPLOYMENT_TARGET = 13.0;
				MTL_ENABLE_DEBUG_INFO = INCLUDE_SOURCE;
				MTL_FAST_MATH = YES;
				ONLY_ACTIVE_ARCH = YES;
				SDKROOT = iphoneos;
				SWIFT_ACTIVE_COMPILATION_CONDITIONS = DEBUG;
				SWIFT_OPTIMIZATION_LEVEL = "-Onone";
			};
			name = Debug;
		};
		925C9EBA25B08BE9005A3694 /* Release */ = {
			isa = XCBuildConfiguration;
			buildSettings = {
				ALWAYS_SEARCH_USER_PATHS = NO;
				CLANG_ANALYZER_NONNULL = YES;
				CLANG_ANALYZER_NUMBER_OBJECT_CONVERSION = YES_AGGRESSIVE;
				CLANG_CXX_LANGUAGE_STANDARD = "gnu++14";
				CLANG_CXX_LIBRARY = "libc++";
				CLANG_ENABLE_MODULES = YES;
				CLANG_ENABLE_OBJC_ARC = YES;
				CLANG_ENABLE_OBJC_WEAK = YES;
				CLANG_WARN_BLOCK_CAPTURE_AUTORELEASING = YES;
				CLANG_WARN_BOOL_CONVERSION = YES;
				CLANG_WARN_COMMA = YES;
				CLANG_WARN_CONSTANT_CONVERSION = YES;
				CLANG_WARN_DEPRECATED_OBJC_IMPLEMENTATIONS = YES;
				CLANG_WARN_DIRECT_OBJC_ISA_USAGE = YES_ERROR;
				CLANG_WARN_DOCUMENTATION_COMMENTS = YES;
				CLANG_WARN_EMPTY_BODY = YES;
				CLANG_WARN_ENUM_CONVERSION = YES;
				CLANG_WARN_INFINITE_RECURSION = YES;
				CLANG_WARN_INT_CONVERSION = YES;
				CLANG_WARN_NON_LITERAL_NULL_CONVERSION = YES;
				CLANG_WARN_OBJC_IMPLICIT_RETAIN_SELF = YES;
				CLANG_WARN_OBJC_LITERAL_CONVERSION = YES;
				CLANG_WARN_OBJC_ROOT_CLASS = YES_ERROR;
				CLANG_WARN_QUOTED_INCLUDE_IN_FRAMEWORK_HEADER = YES;
				CLANG_WARN_RANGE_LOOP_ANALYSIS = YES;
				CLANG_WARN_STRICT_PROTOTYPES = YES;
				CLANG_WARN_SUSPICIOUS_MOVE = YES;
				CLANG_WARN_UNGUARDED_AVAILABILITY = YES_AGGRESSIVE;
				CLANG_WARN_UNREACHABLE_CODE = YES;
				CLANG_WARN__DUPLICATE_METHOD_MATCH = YES;
				COPY_PHASE_STRIP = NO;
				DEBUG_INFORMATION_FORMAT = "dwarf-with-dsym";
				ENABLE_NS_ASSERTIONS = NO;
				ENABLE_STRICT_OBJC_MSGSEND = YES;
				GCC_C_LANGUAGE_STANDARD = gnu11;
				GCC_NO_COMMON_BLOCKS = YES;
				GCC_WARN_64_TO_32_BIT_CONVERSION = YES;
				GCC_WARN_ABOUT_RETURN_TYPE = YES_ERROR;
				GCC_WARN_UNDECLARED_SELECTOR = YES;
				GCC_WARN_UNINITIALIZED_AUTOS = YES_AGGRESSIVE;
				GCC_WARN_UNUSED_FUNCTION = YES;
				GCC_WARN_UNUSED_VARIABLE = YES;
				IPHONEOS_DEPLOYMENT_TARGET = 13.0;
				MTL_ENABLE_DEBUG_INFO = NO;
				MTL_FAST_MATH = YES;
				SDKROOT = iphoneos;
				SWIFT_COMPILATION_MODE = wholemodule;
				SWIFT_OPTIMIZATION_LEVEL = "-O";
				VALIDATE_PRODUCT = YES;
			};
			name = Release;
		};
		925C9EBC25B08BE9005A3694 /* Debug */ = {
			isa = XCBuildConfiguration;
			baseConfigurationReference = 0C060B2074DD201E17A54FE5 /* Pods-DDYZD_V2.debug.xcconfig */;
			buildSettings = {
				ASSETCATALOG_COMPILER_APPICON_NAME = AppIcon;
				ASSETCATALOG_COMPILER_GLOBAL_ACCENT_COLOR_NAME = AccentColor;
				CODE_SIGN_ENTITLEMENTS = "DDYZD_V2/Surpporting Files/DDYZD_V2.entitlements";
				CODE_SIGN_STYLE = Automatic;
				DEVELOPMENT_TEAM = P5QSBGBP3C;
				INFOPLIST_FILE = "DDYZD_V2/Surpporting Files/Info.plist";
				LD_RUNPATH_SEARCH_PATHS = (
					"$(inherited)",
					"@executable_path/Frameworks",
				);
				PRODUCT_BUNDLE_IDENTIFIER = "com.semicolon.DDYZD-V2";
				PRODUCT_NAME = "$(TARGET_NAME)";
				SWIFT_VERSION = 5.0;
				TARGETED_DEVICE_FAMILY = "1,2";
			};
			name = Debug;
		};
		925C9EBD25B08BE9005A3694 /* Release */ = {
			isa = XCBuildConfiguration;
			baseConfigurationReference = 39D66F64AB6C141A5DDAA1D6 /* Pods-DDYZD_V2.release.xcconfig */;
			buildSettings = {
				ASSETCATALOG_COMPILER_APPICON_NAME = AppIcon;
				ASSETCATALOG_COMPILER_GLOBAL_ACCENT_COLOR_NAME = AccentColor;
				CODE_SIGN_ENTITLEMENTS = "DDYZD_V2/Surpporting Files/DDYZD_V2.entitlements";
				CODE_SIGN_STYLE = Automatic;
				DEVELOPMENT_TEAM = P5QSBGBP3C;
				INFOPLIST_FILE = "DDYZD_V2/Surpporting Files/Info.plist";
				LD_RUNPATH_SEARCH_PATHS = (
					"$(inherited)",
					"@executable_path/Frameworks",
				);
				PRODUCT_BUNDLE_IDENTIFIER = "com.semicolon.DDYZD-V2";
				PRODUCT_NAME = "$(TARGET_NAME)";
				SWIFT_VERSION = 5.0;
				TARGETED_DEVICE_FAMILY = "1,2";
			};
			name = Release;
		};
/* End XCBuildConfiguration section */

/* Begin XCConfigurationList section */
		925C9EA225B08BE7005A3694 /* Build configuration list for PBXProject "DDYZD_V2" */ = {
			isa = XCConfigurationList;
			buildConfigurations = (
				925C9EB925B08BE9005A3694 /* Debug */,
				925C9EBA25B08BE9005A3694 /* Release */,
			);
			defaultConfigurationIsVisible = 0;
			defaultConfigurationName = Release;
		};
		925C9EBB25B08BE9005A3694 /* Build configuration list for PBXNativeTarget "DDYZD_V2" */ = {
			isa = XCConfigurationList;
			buildConfigurations = (
				925C9EBC25B08BE9005A3694 /* Debug */,
				925C9EBD25B08BE9005A3694 /* Release */,
			);
			defaultConfigurationIsVisible = 0;
			defaultConfigurationName = Release;
		};
/* End XCConfigurationList section */
	};
	rootObject = 925C9E9F25B08BE7005A3694 /* Project object */;
}
